{
  "name": "sandbox",
  "lockfileVersion": 2,
  "requires": true,
  "packages": {
    "": {
      "dependencies": {
        "delay": "^4.4.0",
        "lodash": "^4.17.20"
      }
    },
    "node_modules/delay": {
      "version": "4.4.1",
      "resolved": "https://registry.npmjs.org/delay/-/delay-4.4.1.tgz",
      "integrity": "sha512-aL3AhqtfhOlT/3ai6sWXeqwnw63ATNpnUiN4HL7x9q+My5QtHlO3OIkasmug9LKzpheLdmUKGRKnYXYAS7FQkQ==",
      "engines": {
        "node": ">=6"
      },
      "funding": {
        "url": "https://github.com/sponsors/sindresorhus"
      }
    },
    "node_modules/lodash": {
      "version": "4.17.21",
      "resolved": "https://registry.npmjs.org/lodash/-/lodash-4.17.21.tgz",
      "integrity": "sha512-v2kDEe57lecTulaDIuNTPy3Ry4gLGJ6Z1O3vE1krgXZNrsQ+LFTGHVxVjcXPs17LhbZVGedAJv8XZ1tvj5FvSg=="
    }
  },
  "dependencies": {
    "delay": {
      "version": "4.4.1",
      "resolved": "https://registry.npmjs.org/delay/-/delay-4.4.1.tgz",
      "integrity": "sha512-aL3AhqtfhOlT/3ai6sWXeqwnw63ATNpnUiN4HL7x9q+My5QtHlO3OIkasmug9LKzpheLdmUKGRKnYXYAS7FQkQ=="
    },
    "lodash": {
      "version": "4.17.21",
      "resolved": "https://registry.npmjs.org/lodash/-/lodash-4.17.21.tgz",
      "integrity": "sha512-v2kDEe57lecTulaDIuNTPy3Ry4gLGJ6Z1O3vE1krgXZNrsQ+LFTGHVxVjcXPs17LhbZVGedAJv8XZ1tvj5FvSg=="
    }
  }
}
